
Microsoft Visual Studio Solution File, Format Version 12.00
# Visual Studio Version 16
VisualStudioVersion = 16.0.31105.61
MinimumVisualStudioVersion = 10.0.40219.1
Project("{FAE04EC0-301F-11D3-BF4B-00C04F79EFBC}") = "CRUDNetCore5", "CRUDNetCore5.csproj", "{3FFB822B-F978-489E-8732-D0B1FF7089BD}"
EndProject
Global
	GlobalSection(SolutionConfigurationPlatforms) = preSolution
		Debug|Any CPU = Debug|Any CPU
		Release|Any CPU = Release|Any CPU
	EndGlobalSection
	GlobalSection(ProjectConfigurationPlatforms) = postSolution
		{3FFB822B-F978-489E-8732-D0B1FF7089BD}.Debug|Any CPU.ActiveCfg = Debug|Any CPU
		{3FFB822B-F978-489E-8732-D0B1FF7089BD}.Debug|Any CPU.Build.0 = Debug|Any CPU
		{3FFB822B-F978-489E-8732-D0B1FF7089BD}.Release|Any CPU.ActiveCfg = Release|Any CPU
		{3FFB822B-F978-489E-8732-D0B1FF7089BD}.Release|Any CPU.Build.0 = Release|Any CPU
	EndGlobalSection
	GlobalSection(SolutionProperties) = preSolution
		HideSolutionNode = FALSE
	EndGlobalSection
	GlobalSection(ExtensibilityGlobals) = postSolution
		SolutionGuid = {9A17A22C-C6AF-4EF5-9BD0-68AD92BE0329}
	EndGlobalSection
EndGlobal
